// !$*UTF8*$!
{
	archiveVersion = 1;
	classes = {
	};
	objectVersion = 50;
	objects = {

/* Begin PBXBuildFile section */
		4A71747523151E7100F13749 /* AppDelegate.swift in Sources */ = {isa = PBXBuildFile; fileRef = 4A71747423151E7100F13749 /* AppDelegate.swift */; };
		4A71747723151E7100F13749 /* ViewController.swift in Sources */ = {isa = PBXBuildFile; fileRef = 4A71747623151E7100F13749 /* ViewController.swift */; };
		4A71747923151E7100F13749 /* Assets.xcassets in Resources */ = {isa = PBXBuildFile; fileRef = 4A71747823151E7100F13749 /* Assets.xcassets */; };
		4A71747C23151E7100F13749 /* Main.storyboard in Resources */ = {isa = PBXBuildFile; fileRef = 4A71747A23151E7100F13749 /* Main.storyboard */; };
		4A71748823151E7200F13749 /* mac_swift_release_testTests.swift in Sources */ = {isa = PBXBuildFile; fileRef = 4A71748723151E7200F13749 /* mac_swift_release_testTests.swift */; };
		4A71749323151E7200F13749 /* mac_swift_release_testUITests.swift in Sources */ = {isa = PBXBuildFile; fileRef = 4A71749223151E7200F13749 /* mac_swift_release_testUITests.swift */; };
		9B4F5F6F24DD49A600221C8F /* AppCenterAnalytics.framework in Frameworks */ = {isa = PBXBuildFile; fileRef = 9B4F5F6B24DD49A600221C8F /* AppCenterAnalytics.framework */; };
		9B4F5F7024DD49A600221C8F /* AppCenterAnalytics.framework in Embed Frameworks */ = {isa = PBXBuildFile; fileRef = 9B4F5F6B24DD49A600221C8F /* AppCenterAnalytics.framework */; settings = {ATTRIBUTES = (CodeSignOnCopy, RemoveHeadersOnCopy, ); }; };
		9B4F5F7124DD49A700221C8F /* AppCenter.framework in Frameworks */ = {isa = PBXBuildFile; fileRef = 9B4F5F6C24DD49A600221C8F /* AppCenter.framework */; };
		9B4F5F7224DD49A700221C8F /* AppCenter.framework in Embed Frameworks */ = {isa = PBXBuildFile; fileRef = 9B4F5F6C24DD49A600221C8F /* AppCenter.framework */; settings = {ATTRIBUTES = (CodeSignOnCopy, RemoveHeadersOnCopy, ); }; };
		9B4F5F7324DD49A700221C8F /* AppCenterCrashes.framework in Frameworks */ = {isa = PBXBuildFile; fileRef = 9B4F5F6D24DD49A600221C8F /* AppCenterCrashes.framework */; };
		9B4F5F7424DD49A700221C8F /* AppCenterCrashes.framework in Embed Frameworks */ = {isa = PBXBuildFile; fileRef = 9B4F5F6D24DD49A600221C8F /* AppCenterCrashes.framework */; settings = {ATTRIBUTES = (CodeSignOnCopy, RemoveHeadersOnCopy, ); }; };
		9B4F5F7524DD49A700221C8F /* AppCenterPush.framework in Frameworks */ = {isa = PBXBuildFile; fileRef = 9B4F5F6E24DD49A600221C8F /* AppCenterPush.framework */; };
		9B4F5F7624DD49A700221C8F /* AppCenterPush.framework in Embed Frameworks */ = {isa = PBXBuildFile; fileRef = 9B4F5F6E24DD49A600221C8F /* AppCenterPush.framework */; settings = {ATTRIBUTES = (CodeSignOnCopy, RemoveHeadersOnCopy, ); }; };
/* End PBXBuildFile section */

/* Begin PBXContainerItemProxy section */
		4A71748423151E7200F13749 /* PBXContainerItemProxy */ = {
			isa = PBXContainerItemProxy;
			containerPortal = 4A71746923151E7100F13749 /* Project object */;
			proxyType = 1;
			remoteGlobalIDString = 4A71747023151E7100F13749;
			remoteInfo = "mac-swift-release-test";
		};
		4A71748F23151E7200F13749 /* PBXContainerItemProxy */ = {
			isa = PBXContainerItemProxy;
			containerPortal = 4A71746923151E7100F13749 /* Project object */;
			proxyType = 1;
			remoteGlobalIDString = 4A71747023151E7100F13749;
			remoteInfo = "mac-swift-release-test";
		};
/* End PBXContainerItemProxy section */

/* Begin PBXCopyFilesBuildPhase section */
		9B4F5F7724DD49A700221C8F /* Embed Frameworks */ = {
			isa = PBXCopyFilesBuildPhase;
			buildActionMask = 2147483647;
			dstPath = "";
			dstSubfolderSpec = 10;
			files = (
				9B4F5F7024DD49A600221C8F /* AppCenterAnalytics.framework in Embed Frameworks */,
				9B4F5F7624DD49A700221C8F /* AppCenterPush.framework in Embed Frameworks */,
				9B4F5F7224DD49A700221C8F /* AppCenter.framework in Embed Frameworks */,
				9B4F5F7424DD49A700221C8F /* AppCenterCrashes.framework in Embed Frameworks */,
			);
			name = "Embed Frameworks";
			runOnlyForDeploymentPostprocessing = 0;
		};
/* End PBXCopyFilesBuildPhase section */

/* Begin PBXFileReference section */
		4A71747123151E7100F13749 /* mac-swift-release-test.app */ = {isa = PBXFileReference; explicitFileType = wrapper.application; includeInIndex = 0; path = "mac-swift-release-test.app"; sourceTree = BUILT_PRODUCTS_DIR; };
		4A71747423151E7100F13749 /* AppDelegate.swift */ = {isa = PBXFileReference; lastKnownFileType = sourcecode.swift; path = AppDelegate.swift; sourceTree = "<group>"; };
		4A71747623151E7100F13749 /* ViewController.swift */ = {isa = PBXFileReference; lastKnownFileType = sourcecode.swift; path = ViewController.swift; sourceTree = "<group>"; };
		4A71747823151E7100F13749 /* Assets.xcassets */ = {isa = PBXFileReference; lastKnownFileType = folder.assetcatalog; path = Assets.xcassets; sourceTree = "<group>"; };
		4A71747B23151E7100F13749 /* Base */ = {isa = PBXFileReference; lastKnownFileType = file.storyboard; name = Base; path = Base.lproj/Main.storyboard; sourceTree = "<group>"; };
		4A71747D23151E7100F13749 /* Info.plist */ = {isa = PBXFileReference; lastKnownFileType = text.plist.xml; path = Info.plist; sourceTree = "<group>"; };
		4A71747E23151E7100F13749 /* mac_swift_release_test.entitlements */ = {isa = PBXFileReference; lastKnownFileType = text.plist.entitlements; path = mac_swift_release_test.entitlements; sourceTree = "<group>"; };
		4A71748323151E7200F13749 /* mac-swift-release-testTests.xctest */ = {isa = PBXFileReference; explicitFileType = wrapper.cfbundle; includeInIndex = 0; path = "mac-swift-release-testTests.xctest"; sourceTree = BUILT_PRODUCTS_DIR; };
		4A71748723151E7200F13749 /* mac_swift_release_testTests.swift */ = {isa = PBXFileReference; lastKnownFileType = sourcecode.swift; path = mac_swift_release_testTests.swift; sourceTree = "<group>"; };
		4A71748923151E7200F13749 /* Info.plist */ = {isa = PBXFileReference; lastKnownFileType = text.plist.xml; path = Info.plist; sourceTree = "<group>"; };
		4A71748E23151E7200F13749 /* mac-swift-release-testUITests.xctest */ = {isa = PBXFileReference; explicitFileType = wrapper.cfbundle; includeInIndex = 0; path = "mac-swift-release-testUITests.xctest"; sourceTree = BUILT_PRODUCTS_DIR; };
		4A71749223151E7200F13749 /* mac_swift_release_testUITests.swift */ = {isa = PBXFileReference; lastKnownFileType = sourcecode.swift; path = mac_swift_release_testUITests.swift; sourceTree = "<group>"; };
		4A71749423151E7200F13749 /* Info.plist */ = {isa = PBXFileReference; lastKnownFileType = text.plist.xml; path = Info.plist; sourceTree = "<group>"; };
		4A7D8DD223265A59004E1744 /* mac-swift-release-test.entitlements */ = {isa = PBXFileReference; lastKnownFileType = text.plist.entitlements; path = "mac-swift-release-test.entitlements"; sourceTree = "<group>"; };
		9B4F5F6B24DD49A600221C8F /* AppCenterAnalytics.framework */ = {isa = PBXFileReference; lastKnownFileType = wrapper.framework; name = AppCenterAnalytics.framework; path = "AppCenter-SDK-Apple/macOS/AppCenterAnalytics.framework"; sourceTree = "<group>"; };
		9B4F5F6C24DD49A600221C8F /* AppCenter.framework */ = {isa = PBXFileReference; lastKnownFileType = wrapper.framework; name = AppCenter.framework; path = "AppCenter-SDK-Apple/macOS/AppCenter.framework"; sourceTree = "<group>"; };
		9B4F5F6D24DD49A600221C8F /* AppCenterCrashes.framework */ = {isa = PBXFileReference; lastKnownFileType = wrapper.framework; name = AppCenterCrashes.framework; path = "AppCenter-SDK-Apple/macOS/AppCenterCrashes.framework"; sourceTree = "<group>"; };
		9B4F5F6E24DD49A600221C8F /* AppCenterPush.framework */ = {isa = PBXFileReference; lastKnownFileType = wrapper.framework; name = AppCenterPush.framework; path = "AppCenter-SDK-Apple/macOS/AppCenterPush.framework"; sourceTree = "<group>"; };
/* End PBXFileReference section */

/* Begin PBXFrameworksBuildPhase section */
		4A71746E23151E7100F13749 /* Frameworks */ = {
			isa = PBXFrameworksBuildPhase;
			buildActionMask = 2147483647;
			files = (
				9B4F5F6F24DD49A600221C8F /* AppCenterAnalytics.framework in Frameworks */,
				9B4F5F7524DD49A700221C8F /* AppCenterPush.framework in Frameworks */,
				9B4F5F7124DD49A700221C8F /* AppCenter.framework in Frameworks */,
				9B4F5F7324DD49A700221C8F /* AppCenterCrashes.framework in Frameworks */,
			);
			runOnlyForDeploymentPostprocessing = 0;
		};
		4A71748023151E7200F13749 /* Frameworks */ = {
			isa = PBXFrameworksBuildPhase;
			buildActionMask = 2147483647;
			files = (
			);
			runOnlyForDeploymentPostprocessing = 0;
		};
		4A71748B23151E7200F13749 /* Frameworks */ = {
			isa = PBXFrameworksBuildPhase;
			buildActionMask = 2147483647;
			files = (
			);
			runOnlyForDeploymentPostprocessing = 0;
		};
/* End PBXFrameworksBuildPhase section */

/* Begin PBXGroup section */
		4A71746823151E7100F13749 = {
			isa = PBXGroup;
			children = (
				4A71747323151E7100F13749 /* mac-swift-release-test */,
				4A71748623151E7200F13749 /* mac-swift-release-testTests */,
				4A71749123151E7200F13749 /* mac-swift-release-testUITests */,
				4A71747223151E7100F13749 /* Products */,
				9B4F5F6A24DD49A600221C8F /* Frameworks */,
			);
			sourceTree = "<group>";
		};
		4A71747223151E7100F13749 /* Products */ = {
			isa = PBXGroup;
			children = (
				4A71747123151E7100F13749 /* mac-swift-release-test.app */,
				4A71748323151E7200F13749 /* mac-swift-release-testTests.xctest */,
				4A71748E23151E7200F13749 /* mac-swift-release-testUITests.xctest */,
			);
			name = Products;
			sourceTree = "<group>";
		};
		4A71747323151E7100F13749 /* mac-swift-release-test */ = {
			isa = PBXGroup;
			children = (
				4A7D8DD223265A59004E1744 /* mac-swift-release-test.entitlements */,
				4A71747423151E7100F13749 /* AppDelegate.swift */,
				4A71747623151E7100F13749 /* ViewController.swift */,
				4A71747823151E7100F13749 /* Assets.xcassets */,
				4A71747A23151E7100F13749 /* Main.storyboard */,
				4A71747D23151E7100F13749 /* Info.plist */,
				4A71747E23151E7100F13749 /* mac_swift_release_test.entitlements */,
			);
			path = "mac-swift-release-test";
			sourceTree = "<group>";
		};
		4A71748623151E7200F13749 /* mac-swift-release-testTests */ = {
			isa = PBXGroup;
			children = (
				4A71748723151E7200F13749 /* mac_swift_release_testTests.swift */,
				4A71748923151E7200F13749 /* Info.plist */,
			);
			path = "mac-swift-release-testTests";
			sourceTree = "<group>";
		};
		4A71749123151E7200F13749 /* mac-swift-release-testUITests */ = {
			isa = PBXGroup;
			children = (
				4A71749223151E7200F13749 /* mac_swift_release_testUITests.swift */,
				4A71749423151E7200F13749 /* Info.plist */,
			);
			path = "mac-swift-release-testUITests";
			sourceTree = "<group>";
		};
		9B4F5F6A24DD49A600221C8F /* Frameworks */ = {
			isa = PBXGroup;
			children = (
				9B4F5F6C24DD49A600221C8F /* AppCenter.framework */,
				9B4F5F6B24DD49A600221C8F /* AppCenterAnalytics.framework */,
				9B4F5F6D24DD49A600221C8F /* AppCenterCrashes.framework */,
				9B4F5F6E24DD49A600221C8F /* AppCenterPush.framework */,
			);
			name = Frameworks;
			sourceTree = "<group>";
		};
/* End PBXGroup section */

/* Begin PBXNativeTarget section */
		4A71747023151E7100F13749 /* mac-swift-release-test */ = {
			isa = PBXNativeTarget;
			buildConfigurationList = 4A71749723151E7200F13749 /* Build configuration list for PBXNativeTarget "mac-swift-release-test" */;
			buildPhases = (
				4A71746D23151E7100F13749 /* Sources */,
				4A71746E23151E7100F13749 /* Frameworks */,
				4A71746F23151E7100F13749 /* Resources */,
				9B4F5F7724DD49A700221C8F /* Embed Frameworks */,
			);
			buildRules = (
			);
			dependencies = (
			);
			name = "mac-swift-release-test";
			productName = "mac-swift-release-test";
			productReference = 4A71747123151E7100F13749 /* mac-swift-release-test.app */;
			productType = "com.apple.product-type.application";
		};
		4A71748223151E7200F13749 /* mac-swift-release-testTests */ = {
			isa = PBXNativeTarget;
			buildConfigurationList = 4A71749A23151E7200F13749 /* Build configuration list for PBXNativeTarget "mac-swift-release-testTests" */;
			buildPhases = (
				4A71747F23151E7200F13749 /* Sources */,
				4A71748023151E7200F13749 /* Frameworks */,
				4A71748123151E7200F13749 /* Resources */,
			);
			buildRules = (
			);
			dependencies = (
				4A71748523151E7200F13749 /* PBXTargetDependency */,
			);
			name = "mac-swift-release-testTests";
			productName = "mac-swift-release-testTests";
			productReference = 4A71748323151E7200F13749 /* mac-swift-release-testTests.xctest */;
			productType = "com.apple.product-type.bundle.unit-test";
		};
		4A71748D23151E7200F13749 /* mac-swift-release-testUITests */ = {
			isa = PBXNativeTarget;
			buildConfigurationList = 4A71749D23151E7200F13749 /* Build configuration list for PBXNativeTarget "mac-swift-release-testUITests" */;
			buildPhases = (
				4A71748A23151E7200F13749 /* Sources */,
				4A71748B23151E7200F13749 /* Frameworks */,
				4A71748C23151E7200F13749 /* Resources */,
			);
			buildRules = (
			);
			dependencies = (
				4A71749023151E7200F13749 /* PBXTargetDependency */,
			);
			name = "mac-swift-release-testUITests";
			productName = "mac-swift-release-testUITests";
			productReference = 4A71748E23151E7200F13749 /* mac-swift-release-testUITests.xctest */;
			productType = "com.apple.product-type.bundle.ui-testing";
		};
/* End PBXNativeTarget section */

/* Begin PBXProject section */
		4A71746923151E7100F13749 /* Project object */ = {
			isa = PBXProject;
			attributes = {
				LastSwiftUpdateCheck = 1010;
				LastUpgradeCheck = 1010;
				ORGANIZATIONNAME = bys;
				TargetAttributes = {
					4A71747023151E7100F13749 = {
						CreatedOnToolsVersion = 10.1;
						SystemCapabilities = {
							com.apple.Push = {
								enabled = 1;
							};
							com.apple.Sandbox = {
								enabled = 1;
							};
						};
					};
					4A71748223151E7200F13749 = {
						CreatedOnToolsVersion = 10.1;
						TestTargetID = 4A71747023151E7100F13749;
					};
					4A71748D23151E7200F13749 = {
						CreatedOnToolsVersion = 10.1;
						TestTargetID = 4A71747023151E7100F13749;
					};
				};
			};
			buildConfigurationList = 4A71746C23151E7100F13749 /* Build configuration list for PBXProject "mac-swift-release-test" */;
			compatibilityVersion = "Xcode 9.3";
			developmentRegion = en;
			hasScannedForEncodings = 0;
			knownRegions = (
				en,
				Base,
			);
			mainGroup = 4A71746823151E7100F13749;
			productRefGroup = 4A71747223151E7100F13749 /* Products */;
			projectDirPath = "";
			projectRoot = "";
			targets = (
				4A71747023151E7100F13749 /* mac-swift-release-test */,
				4A71748223151E7200F13749 /* mac-swift-release-testTests */,
				4A71748D23151E7200F13749 /* mac-swift-release-testUITests */,
			);
		};
/* End PBXProject section */

/* Begin PBXResourcesBuildPhase section */
		4A71746F23151E7100F13749 /* Resources */ = {
			isa = PBXResourcesBuildPhase;
			buildActionMask = 2147483647;
			files = (
				4A71747923151E7100F13749 /* Assets.xcassets in Resources */,
				4A71747C23151E7100F13749 /* Main.storyboard in Resources */,
			);
			runOnlyForDeploymentPostprocessing = 0;
		};
		4A71748123151E7200F13749 /* Resources */ = {
			isa = PBXResourcesBuildPhase;
			buildActionMask = 2147483647;
			files = (
			);
			runOnlyForDeploymentPostprocessing = 0;
		};
		4A71748C23151E7200F13749 /* Resources */ = {
			isa = PBXResourcesBuildPhase;
			buildActionMask = 2147483647;
			files = (
			);
			runOnlyForDeploymentPostprocessing = 0;
		};
/* End PBXResourcesBuildPhase section */

/* Begin PBXSourcesBuildPhase section */
		4A71746D23151E7100F13749 /* Sources */ = {
			isa = PBXSourcesBuildPhase;
			buildActionMask = 2147483647;
			files = (
				4A71747723151E7100F13749 /* ViewController.swift in Sources */,
				4A71747523151E7100F13749 /* AppDelegate.swift in Sources */,
			);
			runOnlyForDeploymentPostprocessing = 0;
		};
		4A71747F23151E7200F13749 /* Sources */ = {
			isa = PBXSourcesBuildPhase;
			buildActionMask = 2147483647;
			files = (
				4A71748823151E7200F13749 /* mac_swift_release_testTests.swift in Sources */,
			);
			runOnlyForDeploymentPostprocessing = 0;
		};
		4A71748A23151E7200F13749 /* Sources */ = {
			isa = PBXSourcesBuildPhase;
			buildActionMask = 2147483647;
			files = (
				4A71749323151E7200F13749 /* mac_swift_release_testUITests.swift in Sources */,
			);
			runOnlyForDeploymentPostprocessing = 0;
		};
/* End PBXSourcesBuildPhase section */

/* Begin PBXTargetDependency section */
		4A71748523151E7200F13749 /* PBXTargetDependency */ = {
			isa = PBXTargetDependency;
			target = 4A71747023151E7100F13749 /* mac-swift-release-test */;
			targetProxy = 4A71748423151E7200F13749 /* PBXContainerItemProxy */;
		};
		4A71749023151E7200F13749 /* PBXTargetDependency */ = {
			isa = PBXTargetDependency;
			target = 4A71747023151E7100F13749 /* mac-swift-release-test */;
			targetProxy = 4A71748F23151E7200F13749 /* PBXContainerItemProxy */;
		};
/* End PBXTargetDependency section */

/* Begin PBXVariantGroup section */
		4A71747A23151E7100F13749 /* Main.storyboard */ = {
			isa = PBXVariantGroup;
			children = (
				4A71747B23151E7100F13749 /* Base */,
			);
			name = Main.storyboard;
			sourceTree = "<group>";
		};
/* End PBXVariantGroup section */

/* Begin XCBuildConfiguration section */
		4A71749523151E7200F13749 /* Debug */ = {
			isa = XCBuildConfiguration;
			buildSettings = {
				ALWAYS_SEARCH_USER_PATHS = NO;
				CLANG_ANALYZER_NONNULL = YES;
				CLANG_ANALYZER_NUMBER_OBJECT_CONVERSION = YES_AGGRESSIVE;
				CLANG_CXX_LANGUAGE_STANDARD = "gnu++14";
				CLANG_CXX_LIBRARY = "libc++";
				CLANG_ENABLE_MODULES = YES;
				CLANG_ENABLE_OBJC_ARC = YES;
				CLANG_ENABLE_OBJC_WEAK = YES;
				CLANG_WARN_BLOCK_CAPTURE_AUTORELEASING = YES;
				CLANG_WARN_BOOL_CONVERSION = YES;
				CLANG_WARN_COMMA = YES;
				CLANG_WARN_CONSTANT_CONVERSION = YES;
				CLANG_WARN_DEPRECATED_OBJC_IMPLEMENTATIONS = YES;
				CLANG_WARN_DIRECT_OBJC_ISA_USAGE = YES_ERROR;
				CLANG_WARN_DOCUMENTATION_COMMENTS = YES;
				CLANG_WARN_EMPTY_BODY = YES;
				CLANG_WARN_ENUM_CONVERSION = YES;
				CLANG_WARN_INFINITE_RECURSION = YES;
				CLANG_WARN_INT_CONVERSION = YES;
				CLANG_WARN_NON_LITERAL_NULL_CONVERSION = YES;
				CLANG_WARN_OBJC_IMPLICIT_RETAIN_SELF = YES;
				CLANG_WARN_OBJC_LITERAL_CONVERSION = YES;
				CLANG_WARN_OBJC_ROOT_CLASS = YES_ERROR;
				CLANG_WARN_RANGE_LOOP_ANALYSIS = YES;
				CLANG_WARN_STRICT_PROTOTYPES = YES;
				CLANG_WARN_SUSPICIOUS_MOVE = YES;
				CLANG_WARN_UNGUARDED_AVAILABILITY = YES_AGGRESSIVE;
				CLANG_WARN_UNREACHABLE_CODE = YES;
				CLANG_WARN__DUPLICATE_METHOD_MATCH = YES;
				CODE_SIGN_IDENTITY = "Mac Developer";
				COPY_PHASE_STRIP = NO;
				DEBUG_INFORMATION_FORMAT = dwarf;
				ENABLE_STRICT_OBJC_MSGSEND = YES;
				ENABLE_TESTABILITY = YES;
				GCC_C_LANGUAGE_STANDARD = gnu11;
				GCC_DYNAMIC_NO_PIC = NO;
				GCC_NO_COMMON_BLOCKS = YES;
				GCC_OPTIMIZATION_LEVEL = 0;
				GCC_PREPROCESSOR_DEFINITIONS = (
					"DEBUG=1",
					"$(inherited)",
				);
				GCC_WARN_64_TO_32_BIT_CONVERSION = YES;
				GCC_WARN_ABOUT_RETURN_TYPE = YES_ERROR;
				GCC_WARN_UNDECLARED_SELECTOR = YES;
				GCC_WARN_UNINITIALIZED_AUTOS = YES_AGGRESSIVE;
				GCC_WARN_UNUSED_FUNCTION = YES;
				GCC_WARN_UNUSED_VARIABLE = YES;
				MACOSX_DEPLOYMENT_TARGET = 10.14;
				MTL_ENABLE_DEBUG_INFO = INCLUDE_SOURCE;
				MTL_FAST_MATH = YES;
				ONLY_ACTIVE_ARCH = YES;
				SDKROOT = macosx;
				SWIFT_ACTIVE_COMPILATION_CONDITIONS = DEBUG;
				SWIFT_OPTIMIZATION_LEVEL = "-Onone";
			};
			name = Debug;
		};
		4A71749623151E7200F13749 /* Release */ = {
			isa = XCBuildConfiguration;
			buildSettings = {
				ALWAYS_SEARCH_USER_PATHS = NO;
				CLANG_ANALYZER_NONNULL = YES;
				CLANG_ANALYZER_NUMBER_OBJECT_CONVERSION = YES_AGGRESSIVE;
				CLANG_CXX_LANGUAGE_STANDARD = "gnu++14";
				CLANG_CXX_LIBRARY = "libc++";
				CLANG_ENABLE_MODULES = YES;
				CLANG_ENABLE_OBJC_ARC = YES;
				CLANG_ENABLE_OBJC_WEAK = YES;
				CLANG_WARN_BLOCK_CAPTURE_AUTORELEASING = YES;
				CLANG_WARN_BOOL_CONVERSION = YES;
				CLANG_WARN_COMMA = YES;
				CLANG_WARN_CONSTANT_CONVERSION = YES;
				CLANG_WARN_DEPRECATED_OBJC_IMPLEMENTATIONS = YES;
				CLANG_WARN_DIRECT_OBJC_ISA_USAGE = YES_ERROR;
				CLANG_WARN_DOCUMENTATION_COMMENTS = YES;
				CLANG_WARN_EMPTY_BODY = YES;
				CLANG_WARN_ENUM_CONVERSION = YES;
				CLANG_WARN_INFINITE_RECURSION = YES;
				CLANG_WARN_INT_CONVERSION = YES;
				CLANG_WARN_NON_LITERAL_NULL_CONVERSION = YES;
				CLANG_WARN_OBJC_IMPLICIT_RETAIN_SELF = YES;
				CLANG_WARN_OBJC_LITERAL_CONVERSION = YES;
				CLANG_WARN_OBJC_ROOT_CLASS = YES_ERROR;
				CLANG_WARN_RANGE_LOOP_ANALYSIS = YES;
				CLANG_WARN_STRICT_PROTOTYPES = YES;
				CLANG_WARN_SUSPICIOUS_MOVE = YES;
				CLANG_WARN_UNGUARDED_AVAILABILITY = YES_AGGRESSIVE;
				CLANG_WARN_UNREACHABLE_CODE = YES;
				CLANG_WARN__DUPLICATE_METHOD_MATCH = YES;
				CODE_SIGN_IDENTITY = "Mac Developer";
				COPY_PHASE_STRIP = NO;
				DEBUG_INFORMATION_FORMAT = "dwarf-with-dsym";
				ENABLE_NS_ASSERTIONS = NO;
				ENABLE_STRICT_OBJC_MSGSEND = YES;
				GCC_C_LANGUAGE_STANDARD = gnu11;
				GCC_NO_COMMON_BLOCKS = YES;
				GCC_WARN_64_TO_32_BIT_CONVERSION = YES;
				GCC_WARN_ABOUT_RETURN_TYPE = YES_ERROR;
				GCC_WARN_UNDECLARED_SELECTOR = YES;
				GCC_WARN_UNINITIALIZED_AUTOS = YES_AGGRESSIVE;
				GCC_WARN_UNUSED_FUNCTION = YES;
				GCC_WARN_UNUSED_VARIABLE = YES;
				MACOSX_DEPLOYMENT_TARGET = 10.14;
				MTL_ENABLE_DEBUG_INFO = NO;
				MTL_FAST_MATH = YES;
				SDKROOT = macosx;
				SWIFT_COMPILATION_MODE = wholemodule;
				SWIFT_OPTIMIZATION_LEVEL = "-O";
			};
			name = Release;
		};
		4A71749823151E7200F13749 /* Debug */ = {
			isa = XCBuildConfiguration;
			buildSettings = {
				ASSETCATALOG_COMPILER_APPICON_NAME = AppIcon;
				CODE_SIGN_ENTITLEMENTS = "mac-swift-release-test/mac-swift-release-test.entitlements";
				CODE_SIGN_IDENTITY = "Apple Development";
				CODE_SIGN_STYLE = Automatic;
				COMBINE_HIDPI_IMAGES = YES;
				DEVELOPMENT_TEAM = V39U3BWB97;
				FRAMEWORK_SEARCH_PATHS = (
					"$(inherited)",
					"$(PROJECT_DIR)/macOS",
					"$(PROJECT_DIR)/AppCenter-SDK-Apple/macOS",
				);
				INFOPLIST_FILE = "mac-swift-release-test/Info.plist";
				LD_RUNPATH_SEARCH_PATHS = (
					"$(inherited)",
					"@executable_path/../Frameworks",
				);
				PRODUCT_BUNDLE_IDENTIFIER = "qw.mac-swift-release-test";
				PRODUCT_NAME = "$(TARGET_NAME)";
				SWIFT_VERSION = 4.2;
			};
			name = Debug;
		};
		4A71749923151E7200F13749 /* Release */ = {
			isa = XCBuildConfiguration;
			buildSettings = {
				ASSETCATALOG_COMPILER_APPICON_NAME = AppIcon;
				CODE_SIGN_ENTITLEMENTS = "mac-swift-release-test/mac-swift-release-test.entitlements";
				CODE_SIGN_IDENTITY = "Apple Development";
				CODE_SIGN_STYLE = Automatic;
				COMBINE_HIDPI_IMAGES = YES;
				DEVELOPMENT_TEAM = V39U3BWB97;
				FRAMEWORK_SEARCH_PATHS = (
					"$(inherited)",
					"$(PROJECT_DIR)/macOS",
					"$(PROJECT_DIR)/AppCenter-SDK-Apple/macOS",
				);
				INFOPLIST_FILE = "mac-swift-release-test/Info.plist";
				LD_RUNPATH_SEARCH_PATHS = (
					"$(inherited)",
					"@executable_path/../Frameworks",
				);
				PRODUCT_BUNDLE_IDENTIFIER = "qw.mac-swift-release-test";
				PRODUCT_NAME = "$(TARGET_NAME)";
				SWIFT_VERSION = 4.2;
			};
			name = Release;
		};
		4A71749B23151E7200F13749 /* Debug */ = {
			isa = XCBuildConfiguration;
			buildSettings = {
				ALWAYS_EMBED_SWIFT_STANDARD_LIBRARIES = YES;
				BUNDLE_LOADER = "$(TEST_HOST)";
				CODE_SIGN_STYLE = Automatic;
				COMBINE_HIDPI_IMAGES = YES;
				DEVELOPMENT_TEAM = 3D27XEAVGH;
				INFOPLIST_FILE = "mac-swift-release-testTests/Info.plist";
				LD_RUNPATH_SEARCH_PATHS = (
					"$(inherited)",
					"@executable_path/../Frameworks",
					"@loader_path/../Frameworks",
				);
				PRODUCT_BUNDLE_IDENTIFIER = "qw.mac-swift-release-testTests";
				PRODUCT_NAME = "$(TARGET_NAME)";
				SWIFT_VERSION = 4.2;
				TEST_HOST = "$(BUILT_PRODUCTS_DIR)/mac-swift-release-test.app/Contents/MacOS/mac-swift-release-test";
			};
			name = Debug;
		};
		4A71749C23151E7200F13749 /* Release */ = {
			isa = XCBuildConfiguration;
			buildSettings = {
				ALWAYS_EMBED_SWIFT_STANDARD_LIBRARIES = YES;
				BUNDLE_LOADER = "$(TEST_HOST)";
				CODE_SIGN_STYLE = Automatic;
				COMBINE_HIDPI_IMAGES = YES;
				DEVELOPMENT_TEAM = 3D27XEAVGH;
				INFOPLIST_FILE = "mac-swift-release-testTests/Info.plist";
				LD_RUNPATH_SEARCH_PATHS = (
					"$(inherited)",
					"@executable_path/../Frameworks",
					"@loader_path/../Frameworks",
				);
				PRODUCT_BUNDLE_IDENTIFIER = "qw.mac-swift-release-testTests";
				PRODUCT_NAME = "$(TARGET_NAME)";
				SWIFT_VERSION = 4.2;
				TEST_HOST = "$(BUILT_PRODUCTS_DIR)/mac-swift-release-test.app/Contents/MacOS/mac-swift-release-test";
			};
			name = Release;
		};
		4A71749E23151E7200F13749 /* Debug */ = {
			isa = XCBuildConfiguration;
			buildSettings = {
				ALWAYS_EMBED_SWIFT_STANDARD_LIBRARIES = YES;
				CODE_SIGN_STYLE = Automatic;
				COMBINE_HIDPI_IMAGES = YES;
				DEVELOPMENT_TEAM = 3D27XEAVGH;
				INFOPLIST_FILE = "mac-swift-release-testUITests/Info.plist";
				LD_RUNPATH_SEARCH_PATHS = (
					"$(inherited)",
					"@executable_path/../Frameworks",
					"@loader_path/../Frameworks",
				);
				PRODUCT_BUNDLE_IDENTIFIER = "qw.mac-swift-release-testUITests";
				PRODUCT_NAME = "$(TARGET_NAME)";
				SWIFT_VERSION = 4.2;
				TEST_TARGET_NAME = "mac-swift-release-test";
			};
			name = Debug;
		};
		4A71749F23151E7200F13749 /* Release */ = {
			isa = XCBuildConfiguration;
			buildSettings = {
				ALWAYS_EMBED_SWIFT_STANDARD_LIBRARIES = YES;
				CODE_SIGN_STYLE = Automatic;
				COMBINE_HIDPI_IMAGES = YES;
				DEVELOPMENT_TEAM = 3D27XEAVGH;
				INFOPLIST_FILE = "mac-swift-release-testUITests/Info.plist";
				LD_RUNPATH_SEARCH_PATHS = (
					"$(inherited)",
					"@executable_path/../Frameworks",
					"@loader_path/../Frameworks",
				);
				PRODUCT_BUNDLE_IDENTIFIER = "qw.mac-swift-release-testUITests";
				PRODUCT_NAME = "$(TARGET_NAME)";
				SWIFT_VERSION = 4.2;
				TEST_TARGET_NAME = "mac-swift-release-test";
			};
			name = Release;
		};
/* End XCBuildConfiguration section */

/* Begin XCConfigurationList section */
		4A71746C23151E7100F13749 /* Build configuration list for PBXProject "mac-swift-release-test" */ = {
			isa = XCConfigurationList;
			buildConfigurations = (
				4A71749523151E7200F13749 /* Debug */,
				4A71749623151E7200F13749 /* Release */,
			);
			defaultConfigurationIsVisible = 0;
			defaultConfigurationName = Release;
		};
		4A71749723151E7200F13749 /* Build configuration list for PBXNativeTarget "mac-swift-release-test" */ = {
			isa = XCConfigurationList;
			buildConfigurations = (
				4A71749823151E7200F13749 /* Debug */,
				4A71749923151E7200F13749 /* Release */,
			);
			defaultConfigurationIsVisible = 0;
			defaultConfigurationName = Release;
		};
		4A71749A23151E7200F13749 /* Build configuration list for PBXNativeTarget "mac-swift-release-testTests" */ = {
			isa = XCConfigurationList;
			buildConfigurations = (
				4A71749B23151E7200F13749 /* Debug */,
				4A71749C23151E7200F13749 /* Release */,
			);
			defaultConfigurationIsVisible = 0;
			defaultConfigurationName = Release;
		};
		4A71749D23151E7200F13749 /* Build configuration list for PBXNativeTarget "mac-swift-release-testUITests" */ = {
			isa = XCConfigurationList;
			buildConfigurations = (
				4A71749E23151E7200F13749 /* Debug */,
				4A71749F23151E7200F13749 /* Release */,
			);
			defaultConfigurationIsVisible = 0;
			defaultConfigurationName = Release;
		};
/* End XCConfigurationList section */
	};
	rootObject = 4A71746923151E7100F13749 /* Project object */;
}
